
Microsoft Visual Studio Solution File, Format Version 12.00
# Visual Studio Version 16
VisualStudioVersion = 16.0.30804.86
MinimumVisualStudioVersion = 10.0.40219.1
Project("{FAE04EC0-301F-11D3-BF4B-00C04F79EFBC}") = "Intelect_Game_2", "Intelect_Game_2\Intelect_Game_2.csproj", "{47D164FE-F4FD-489A-B7B1-6F67E90C3CD2}"
EndProject
Global
	GlobalSection(SolutionConfigurationPlatforms) = preSolution
		Debug|Any CPU = Debug|Any CPU
		Release|Any CPU = Release|Any CPU
	EndGlobalSection
	GlobalSection(ProjectConfigurationPlatforms) = postSolution
		{47D164FE-F4FD-489A-B7B1-6F67E90C3CD2}.Debug|Any CPU.ActiveCfg = Debug|Any CPU
		{47D164FE-F4FD-489A-B7B1-6F67E90C3CD2}.Debug|Any CPU.Build.0 = Debug|Any CPU
		{47D164FE-F4FD-489A-B7B1-6F67E90C3CD2}.Release|Any CPU.ActiveCfg = Release|Any CPU
		{47D164FE-F4FD-489A-B7B1-6F67E90C3CD2}.Release|Any CPU.Build.0 = Release|Any CPU
	EndGlobalSection
	GlobalSection(SolutionProperties) = preSolution
		HideSolutionNode = FALSE
	EndGlobalSection
	GlobalSection(ExtensibilityGlobals) = postSolution
		SolutionGuid = {A832CEC9-0004-434F-96A0-69287E34D57C}
	EndGlobalSection
EndGlobal
